{
  "nodes": {
    "nixpkgs": {
      "locked": {
        "lastModified": 1755471983,
        "narHash": "sha256-axUoWcm4cNQ36jOlnkD9D40LTfSQgk8ExfHSRm3rTtg=",
        "rev": "48f4c982de68d966421d2b6f1ddbeb6227cc5ceb",
        "revCount": 808437,
        "type": "tarball",
        "url": "https://api.flakehub.com/f/pinned/NixOS/nixpkgs/0.2505.808437%2Brev-48f4c982de68d966421d2b6f1ddbeb6227cc5ceb/0198be44-d6e9-7645-acdf-d6811d0e6b6b/source.tar.gz"
      },
      "original": {
        "type": "tarball",
        "url": "https://flakehub.com/f/NixOS/nixpkgs/0"
      }
    },
    "root": {
      "inputs": {
        "nixpkgs": "nixpkgs"
      }
    }
  },
  "root": "root",
  "version": 7
}
