# This is a Gradle generated file for dependency locking.
# Manual edits can break the build and are not advised.
# This file is expected to be part of source control.
androidx.annotation:annotation-experimental:1.1.0=debugAndroidTestCompileClasspath,debugAndroidTestRuntimeClasspath
androidx.annotation:annotation:1.2.0=debugAndroidTestCompileClasspath,debugAndroidTestRuntimeClasspath
androidx.concurrent:concurrent-futures:1.1.0=debugAndroidTestCompileClasspath,debugAndroidTestRuntimeClasspath
androidx.lifecycle:lifecycle-common:2.3.1=debugAndroidTestCompileClasspath,debugAndroidTestRuntimeClasspath
androidx.test.espresso:espresso-core:3.5.1=debugAndroidTestCompileClasspath,debugAndroidTestRuntimeClasspath
androidx.test.espresso:espresso-idling-resource:3.5.1=debugAndroidTestCompileClasspath,debugAndroidTestRuntimeClasspath
androidx.test.ext:junit:1.1.5=debugAndroidTestCompileClasspath,debugAndroidTestRuntimeClasspath
androidx.test.services:storage:1.4.2=debugAndroidTestCompileClasspath,debugAndroidTestRuntimeClasspath
androidx.test:annotation:1.0.1=debugAndroidTestCompileClasspath,debugAndroidTestRuntimeClasspath
androidx.test:core:1.5.0=debugAndroidTestCompileClasspath,debugAndroidTestRuntimeClasspath
androidx.test:monitor:1.6.1=debugAndroidTestCompileClasspath,debugAndroidTestRuntimeClasspath
androidx.test:runner:1.5.2=debugAndroidTestCompileClasspath,debugAndroidTestRuntimeClasspath
androidx.tracing:tracing:1.0.0=debugAndroidTestCompileClasspath,debugAndroidTestRuntimeClasspath
com.google.code.findbugs:jsr305:2.0.2=debugAndroidTestCompileClasspath,debugAndroidTestRuntimeClasspath
com.google.code.gson:gson:2.8.9=debugAndroidTestCompileClasspath,debugAndroidTestRuntimeClasspath,debugCompileClasspath,debugRuntimeClasspath,releaseCompileClasspath,releaseRuntimeClasspath
com.google.guava:listenablefuture:1.0=debugAndroidTestCompileClasspath,debugAndroidTestRuntimeClasspath
com.squareup.okhttp3:okhttp-sse:4.12.0=debugAndroidTestCompileClasspath,debugAndroidTestRuntimeClasspath,debugCompileClasspath,debugRuntimeClasspath,releaseCompileClasspath,releaseRuntimeClasspath
com.squareup.okhttp3:okhttp:4.12.0=debugAndroidTestCompileClasspath,debugAndroidTestRuntimeClasspath,debugCompileClasspath,debugRuntimeClasspath,releaseCompileClasspath,releaseRuntimeClasspath
com.squareup.okio:okio-jvm:3.12.0=debugAndroidTestCompileClasspath,debugAndroidTestRuntimeClasspath,debugCompileClasspath,debugRuntimeClasspath,releaseCompileClasspath,releaseRuntimeClasspath
com.squareup.okio:okio:3.12.0=debugAndroidTestCompileClasspath,debugAndroidTestRuntimeClasspath,debugCompileClasspath,debugRuntimeClasspath,releaseCompileClasspath,releaseRuntimeClasspath
com.squareup:javawriter:2.1.1=debugAndroidTestCompileClasspath,debugAndroidTestRuntimeClasspath
io.ktor:ktor-client-core-jvm:3.2.4=debugAndroidTestCompileClasspath,debugAndroidTestRuntimeClasspath,debugCompileClasspath,debugRuntimeClasspath,releaseCompileClasspath,releaseRuntimeClasspath
io.ktor:ktor-client-core:3.2.4=debugAndroidTestCompileClasspath,debugAndroidTestRuntimeClasspath,debugCompileClasspath,debugRuntimeClasspath,releaseCompileClasspath,releaseRuntimeClasspath
io.ktor:ktor-client-okhttp-jvm:3.2.4=debugAndroidTestCompileClasspath,debugAndroidTestRuntimeClasspath,debugCompileClasspath,debugRuntimeClasspath,releaseCompileClasspath,releaseRuntimeClasspath
io.ktor:ktor-client-okhttp:3.2.4=debugAndroidTestCompileClasspath,debugAndroidTestRuntimeClasspath,debugCompileClasspath,debugRuntimeClasspath,releaseCompileClasspath,releaseRuntimeClasspath
io.ktor:ktor-events-jvm:3.2.4=debugAndroidTestCompileClasspath,debugAndroidTestRuntimeClasspath,debugCompileClasspath,debugRuntimeClasspath,releaseCompileClasspath,releaseRuntimeClasspath
io.ktor:ktor-events:3.2.4=debugAndroidTestCompileClasspath,debugAndroidTestRuntimeClasspath,debugCompileClasspath,debugRuntimeClasspath,releaseCompileClasspath,releaseRuntimeClasspath
io.ktor:ktor-http-cio-jvm:3.2.4=debugAndroidTestCompileClasspath,debugAndroidTestRuntimeClasspath,debugCompileClasspath,debugRuntimeClasspath,releaseCompileClasspath,releaseRuntimeClasspath
io.ktor:ktor-http-cio:3.2.4=debugAndroidTestCompileClasspath,debugAndroidTestRuntimeClasspath,debugCompileClasspath,debugRuntimeClasspath,releaseCompileClasspath,releaseRuntimeClasspath
io.ktor:ktor-http-jvm:3.2.4=debugAndroidTestCompileClasspath,debugAndroidTestRuntimeClasspath,debugCompileClasspath,debugRuntimeClasspath,releaseCompileClasspath,releaseRuntimeClasspath
io.ktor:ktor-http:3.2.4=debugAndroidTestCompileClasspath,debugAndroidTestRuntimeClasspath,debugCompileClasspath,debugRuntimeClasspath,releaseCompileClasspath,releaseRuntimeClasspath
io.ktor:ktor-io-jvm:3.2.4=debugAndroidTestCompileClasspath,debugAndroidTestRuntimeClasspath,debugCompileClasspath,debugRuntimeClasspath,releaseCompileClasspath,releaseRuntimeClasspath
io.ktor:ktor-io:3.2.4=debugAndroidTestCompileClasspath,debugAndroidTestRuntimeClasspath,debugCompileClasspath,debugRuntimeClasspath,releaseCompileClasspath,releaseRuntimeClasspath
io.ktor:ktor-network-jvm:3.2.4=debugAndroidTestCompileClasspath,debugAndroidTestRuntimeClasspath,debugCompileClasspath,debugRuntimeClasspath,releaseCompileClasspath,releaseRuntimeClasspath
io.ktor:ktor-network:3.2.4=debugAndroidTestCompileClasspath,debugAndroidTestRuntimeClasspath,debugCompileClasspath,debugRuntimeClasspath,releaseCompileClasspath,releaseRuntimeClasspath
io.ktor:ktor-serialization-jvm:3.2.4=debugAndroidTestCompileClasspath,debugAndroidTestRuntimeClasspath,debugCompileClasspath,debugRuntimeClasspath,releaseCompileClasspath,releaseRuntimeClasspath
io.ktor:ktor-serialization:3.2.4=debugAndroidTestCompileClasspath,debugAndroidTestRuntimeClasspath,debugCompileClasspath,debugRuntimeClasspath,releaseCompileClasspath,releaseRuntimeClasspath
io.ktor:ktor-sse-jvm:3.2.4=debugAndroidTestCompileClasspath,debugAndroidTestRuntimeClasspath,debugCompileClasspath,debugRuntimeClasspath,releaseCompileClasspath,releaseRuntimeClasspath
io.ktor:ktor-sse:3.2.4=debugAndroidTestCompileClasspath,debugAndroidTestRuntimeClasspath,debugCompileClasspath,debugRuntimeClasspath,releaseCompileClasspath,releaseRuntimeClasspath
io.ktor:ktor-utils-jvm:3.2.4=debugAndroidTestCompileClasspath,debugAndroidTestRuntimeClasspath,debugCompileClasspath,debugRuntimeClasspath,releaseCompileClasspath,releaseRuntimeClasspath
io.ktor:ktor-utils:3.2.4=debugAndroidTestCompileClasspath,debugAndroidTestRuntimeClasspath,debugCompileClasspath,debugRuntimeClasspath,releaseCompileClasspath,releaseRuntimeClasspath
io.ktor:ktor-websocket-serialization-jvm:3.2.4=debugAndroidTestCompileClasspath,debugAndroidTestRuntimeClasspath,debugCompileClasspath,debugRuntimeClasspath,releaseCompileClasspath,releaseRuntimeClasspath
io.ktor:ktor-websocket-serialization:3.2.4=debugAndroidTestCompileClasspath,debugAndroidTestRuntimeClasspath,debugCompileClasspath,debugRuntimeClasspath,releaseCompileClasspath,releaseRuntimeClasspath
io.ktor:ktor-websockets-jvm:3.2.4=debugAndroidTestCompileClasspath,debugAndroidTestRuntimeClasspath,debugCompileClasspath,debugRuntimeClasspath,releaseCompileClasspath,releaseRuntimeClasspath
io.ktor:ktor-websockets:3.2.4=debugAndroidTestCompileClasspath,debugAndroidTestRuntimeClasspath,debugCompileClasspath,debugRuntimeClasspath,releaseCompileClasspath,releaseRuntimeClasspath
javax.inject:javax.inject:1=debugAndroidTestCompileClasspath,debugAndroidTestRuntimeClasspath
junit:junit:4.13.2=debugAndroidTestCompileClasspath,debugAndroidTestRuntimeClasspath
org.bouncycastle:bcprov-jdk15to18:1.84=debugAndroidTestCompileClasspath,debugAndroidTestRuntimeClasspath,debugCompileClasspath,debugRuntimeClasspath,releaseCompileClasspath,releaseRuntimeClasspath
org.hamcrest:hamcrest-core:1.3=debugAndroidTestCompileClasspath,debugAndroidTestRuntimeClasspath
org.hamcrest:hamcrest-integration:1.3=debugAndroidTestCompileClasspath,debugAndroidTestRuntimeClasspath
org.hamcrest:hamcrest-library:1.3=debugAndroidTestCompileClasspath,debugAndroidTestRuntimeClasspath
org.jetbrains.intellij.deps:trove4j:1.0.20200330=kotlinBuildToolsApiClasspath,kotlinCompilerClasspath
org.jetbrains.kotlin:kotlin-build-tools-api:2.1.20=kotlinBuildToolsApiClasspath
org.jetbrains.kotlin:kotlin-build-tools-impl:2.1.20=kotlinBuildToolsApiClasspath
org.jetbrains.kotlin:kotlin-compiler-embeddable:2.1.20=kotlinBuildToolsApiClasspath,kotlinCompilerClasspath
org.jetbrains.kotlin:kotlin-compiler-runner:2.1.20=kotlinBuildToolsApiClasspath
org.jetbrains.kotlin:kotlin-daemon-client:2.1.20=kotlinBuildToolsApiClasspath
org.jetbrains.kotlin:kotlin-daemon-embeddable:2.1.20=kotlinBuildToolsApiClasspath,kotlinCompilerClasspath
org.jetbrains.kotlin:kotlin-reflect:1.6.10=kotlinBuildToolsApiClasspath,kotlinCompilerClasspath
org.jetbrains.kotlin:kotlin-script-runtime:2.1.20=kotlinBuildToolsApiClasspath,kotlinCompilerClasspath
org.jetbrains.kotlin:kotlin-scripting-common:2.1.20=kotlinBuildToolsApiClasspath
org.jetbrains.kotlin:kotlin-scripting-compiler-embeddable:2.1.20=kotlinBuildToolsApiClasspath
org.jetbrains.kotlin:kotlin-scripting-compiler-impl-embeddable:2.1.20=kotlinBuildToolsApiClasspath
org.jetbrains.kotlin:kotlin-scripting-jvm:2.1.20=kotlinBuildToolsApiClasspath
org.jetbrains.kotlin:kotlin-serialization-compiler-plugin-embeddable:2.1.20=kotlinCompilerPluginClasspathDebug,kotlinCompilerPluginClasspathRelease
org.jetbrains.kotlin:kotlin-stdlib-common:2.1.21=debugAndroidTestCompileClasspath,debugAndroidTestRuntimeClasspath,debugCompileClasspath,debugRuntimeClasspath,releaseCompileClasspath,releaseRuntimeClasspath
org.jetbrains.kotlin:kotlin-stdlib-jdk7:1.8.21=debugAndroidTestCompileClasspath,debugAndroidTestRuntimeClasspath,debugCompileClasspath,debugRuntimeClasspath,releaseCompileClasspath,releaseRuntimeClasspath
org.jetbrains.kotlin:kotlin-stdlib-jdk8:1.8.21=debugAndroidTestCompileClasspath,debugAndroidTestRuntimeClasspath,debugCompileClasspath,debugRuntimeClasspath,releaseCompileClasspath,releaseRuntimeClasspath
org.jetbrains.kotlin:kotlin-stdlib:2.1.20=kotlinBuildToolsApiClasspath,kotlinCompilerClasspath
org.jetbrains.kotlin:kotlin-stdlib:2.1.21=debugAndroidTestCompileClasspath,debugAndroidTestRuntimeClasspath,debugCompileClasspath,debugRuntimeClasspath,releaseCompileClasspath,releaseRuntimeClasspath
org.jetbrains.kotlinx:kotlinx-coroutines-bom:1.10.2=debugAndroidTestCompileClasspath,debugAndroidTestRuntimeClasspath,debugCompileClasspath,debugRuntimeClasspath,releaseCompileClasspath,releaseRuntimeClasspath
org.jetbrains.kotlinx:kotlinx-coroutines-core-jvm:1.10.2=debugAndroidTestCompileClasspath,debugAndroidTestRuntimeClasspath,debugCompileClasspath,debugRuntimeClasspath,releaseCompileClasspath,releaseRuntimeClasspath
org.jetbrains.kotlinx:kotlinx-coroutines-core-jvm:1.8.0=kotlinBuildToolsApiClasspath,kotlinCompilerClasspath
org.jetbrains.kotlinx:kotlinx-coroutines-core:1.10.2=debugAndroidTestCompileClasspath,debugAndroidTestRuntimeClasspath,debugCompileClasspath,debugRuntimeClasspath,releaseCompileClasspath,releaseRuntimeClasspath
org.jetbrains.kotlinx:kotlinx-coroutines-slf4j:1.10.2=debugAndroidTestRuntimeClasspath,debugRuntimeClasspath,releaseRuntimeClasspath
org.jetbrains.kotlinx:kotlinx-io-bytestring-jvm:0.7.0=debugAndroidTestCompileClasspath,debugAndroidTestRuntimeClasspath,debugCompileClasspath,debugRuntimeClasspath,releaseCompileClasspath,releaseRuntimeClasspath
org.jetbrains.kotlinx:kotlinx-io-bytestring:0.7.0=debugAndroidTestCompileClasspath,debugAndroidTestRuntimeClasspath,debugCompileClasspath,debugRuntimeClasspath,releaseCompileClasspath,releaseRuntimeClasspath
org.jetbrains.kotlinx:kotlinx-io-core-jvm:0.7.0=debugAndroidTestCompileClasspath,debugAndroidTestRuntimeClasspath,debugCompileClasspath,debugRuntimeClasspath,releaseCompileClasspath,releaseRuntimeClasspath
org.jetbrains.kotlinx:kotlinx-io-core:0.7.0=debugAndroidTestCompileClasspath,debugAndroidTestRuntimeClasspath,debugCompileClasspath,debugRuntimeClasspath,releaseCompileClasspath,releaseRuntimeClasspath
org.jetbrains.kotlinx:kotlinx-serialization-bom:1.8.1=debugAndroidTestCompileClasspath,debugAndroidTestRuntimeClasspath,debugCompileClasspath,debugRuntimeClasspath,releaseCompileClasspath,releaseRuntimeClasspath
org.jetbrains.kotlinx:kotlinx-serialization-core-jvm:1.8.1=debugAndroidTestCompileClasspath,debugAndroidTestRuntimeClasspath,debugCompileClasspath,debugRuntimeClasspath,releaseCompileClasspath,releaseRuntimeClasspath
org.jetbrains.kotlinx:kotlinx-serialization-core:1.8.1=debugAndroidTestCompileClasspath,debugAndroidTestRuntimeClasspath,debugCompileClasspath,debugRuntimeClasspath,releaseCompileClasspath,releaseRuntimeClasspath
org.jetbrains.kotlinx:kotlinx-serialization-json-jvm:1.8.1=debugAndroidTestCompileClasspath,debugAndroidTestRuntimeClasspath,debugCompileClasspath,debugRuntimeClasspath,releaseCompileClasspath,releaseRuntimeClasspath
org.jetbrains.kotlinx:kotlinx-serialization-json:1.8.1=debugAndroidTestCompileClasspath,debugAndroidTestRuntimeClasspath,debugCompileClasspath,debugRuntimeClasspath,releaseCompileClasspath,releaseRuntimeClasspath
org.jetbrains:annotations:13.0=kotlinBuildToolsApiClasspath,kotlinCompilerClasspath
org.jetbrains:annotations:23.0.0=debugAndroidTestCompileClasspath,debugAndroidTestRuntimeClasspath,debugCompileClasspath,debugRuntimeClasspath,releaseCompileClasspath,releaseRuntimeClasspath
org.slf4j:slf4j-api:2.0.17=debugAndroidTestCompileClasspath,debugAndroidTestRuntimeClasspath,debugCompileClasspath,debugRuntimeClasspath,releaseCompileClasspath,releaseRuntimeClasspath
empty=androidApis,androidJdkImage,debugAndroidTestAnnotationProcessorClasspath,debugAnnotationProcessorClasspath,lintChecks,lintPublish,releaseAnnotationProcessorClasspath
